
Microsoft Visual Studio Solution File, Format Version 11.00
# Visual Studio 2010
Project("{FAE04EC0-301F-11D3-BF4B-00C04F79EFBC}") = "OEBIF", "OEBIF.csproj", "{A33956D7-965D-786E-7EF8-08874259A9E0}"
EndProject
Project("{FAE04EC0-301F-11D3-BF4B-00C04F79EFBC}") = "Assembly-CSharp", "Assembly-CSharp.csproj", "{46A5C6E0-A659-7D5E-8BC3-26791FC825E0}"
EndProject
Global
	GlobalSection(SolutionConfigurationPlatforms) = preSolution
		Debug|Any CPU = Debug|Any CPU
		Release|Any CPU = Release|Any CPU
	EndGlobalSection
	GlobalSection(ProjectConfigurationPlatforms) = postSolution
		{A33956D7-965D-786E-7EF8-08874259A9E0}.Debug|Any CPU.ActiveCfg = Debug|Any CPU
		{A33956D7-965D-786E-7EF8-08874259A9E0}.Debug|Any CPU.Build.0 = Debug|Any CPU
		{A33956D7-965D-786E-7EF8-08874259A9E0}.Release|Any CPU.ActiveCfg = Release|Any CPU
		{A33956D7-965D-786E-7EF8-08874259A9E0}.Release|Any CPU.Build.0 = Release|Any CPU
		{46A5C6E0-A659-7D5E-8BC3-26791FC825E0}.Debug|Any CPU.ActiveCfg = Debug|Any CPU
		{46A5C6E0-A659-7D5E-8BC3-26791FC825E0}.Debug|Any CPU.Build.0 = Debug|Any CPU
		{46A5C6E0-A659-7D5E-8BC3-26791FC825E0}.Release|Any CPU.ActiveCfg = Release|Any CPU
		{46A5C6E0-A659-7D5E-8BC3-26791FC825E0}.Release|Any CPU.Build.0 = Release|Any CPU
	EndGlobalSection
	GlobalSection(SolutionProperties) = preSolution
		HideSolutionNode = FALSE
	EndGlobalSection
EndGlobal
