
Microsoft Visual Studio Solution File, Format Version 11.00
# Visual Studio 2010
Project("{FAE04EC0-301F-11D3-BF4B-00C04F79EFBC}") = "OEBIF", "OEBIF.csproj", "{d75639a3-5d96-6e78-7ef8-08874259a9e0}"
EndProject
Project("{FAE04EC0-301F-11D3-BF4B-00C04F79EFBC}") = "Assembly-CSharp", "Assembly-CSharp.csproj", "{e0c6a546-59a6-5e7d-8bc3-26791fc825e0}"
EndProject
Global
	GlobalSection(SolutionConfigurationPlatforms) = preSolution
		Debug|Any CPU = Debug|Any CPU
	EndGlobalSection
	GlobalSection(ProjectConfigurationPlatforms) = postSolution
		{d75639a3-5d96-6e78-7ef8-08874259a9e0}.Debug|Any CPU.ActiveCfg = Debug|Any CPU
		{d75639a3-5d96-6e78-7ef8-08874259a9e0}.Debug|Any CPU.Build.0 = Debug|Any CPU
		{e0c6a546-59a6-5e7d-8bc3-26791fc825e0}.Debug|Any CPU.ActiveCfg = Debug|Any CPU
		{e0c6a546-59a6-5e7d-8bc3-26791fc825e0}.Debug|Any CPU.Build.0 = Debug|Any CPU
	EndGlobalSection
	GlobalSection(SolutionProperties) = preSolution
		HideSolutionNode = FALSE
	EndGlobalSection
EndGlobal
